
Microsoft Visual Studio Solution File, Format Version 12.00
# Visual Studio Version 16
VisualStudioVersion = 16.0.29409.12
MinimumVisualStudioVersion = 10.0.40219.1
Project("{FAE04EC0-301F-11D3-BF4B-00C04F79EFBC}") = "Waterskibaan", "Waterskibaan\Waterskibaan.csproj", "{72313C35-18B0-4DCD-BFCC-C5C1560DCF4E}"
EndProject
Project("{FAE04EC0-301F-11D3-BF4B-00C04F79EFBC}") = "WaterskibaanVisualisatie", "WaterskibaanVisualisatie\WaterskibaanVisualisatie.csproj", "{560A821E-7A46-4932-B37C-582ADBD59195}"
EndProject
Global
	GlobalSection(SolutionConfigurationPlatforms) = preSolution
		Debug|Any CPU = Debug|Any CPU
		Release|Any CPU = Release|Any CPU
	EndGlobalSection
	GlobalSection(ProjectConfigurationPlatforms) = postSolution
		{72313C35-18B0-4DCD-BFCC-C5C1560DCF4E}.Debug|Any CPU.ActiveCfg = Debug|Any CPU
		{72313C35-18B0-4DCD-BFCC-C5C1560DCF4E}.Debug|Any CPU.Build.0 = Debug|Any CPU
		{72313C35-18B0-4DCD-BFCC-C5C1560DCF4E}.Release|Any CPU.ActiveCfg = Release|Any CPU
		{72313C35-18B0-4DCD-BFCC-C5C1560DCF4E}.Release|Any CPU.Build.0 = Release|Any CPU
		{560A821E-7A46-4932-B37C-582ADBD59195}.Debug|Any CPU.ActiveCfg = Debug|Any CPU
		{560A821E-7A46-4932-B37C-582ADBD59195}.Debug|Any CPU.Build.0 = Debug|Any CPU
		{560A821E-7A46-4932-B37C-582ADBD59195}.Release|Any CPU.ActiveCfg = Release|Any CPU
		{560A821E-7A46-4932-B37C-582ADBD59195}.Release|Any CPU.Build.0 = Release|Any CPU
	EndGlobalSection
	GlobalSection(SolutionProperties) = preSolution
		HideSolutionNode = FALSE
	EndGlobalSection
	GlobalSection(ExtensibilityGlobals) = postSolution
		SolutionGuid = {B176E3C0-E9CE-4F33-AE58-54351CA7B451}
	EndGlobalSection
EndGlobal
